
Microsoft Visual Studio Solution File, Format Version 12.00
# Visual Studio Version 17
VisualStudioVersion = 17.2.32630.192
MinimumVisualStudioVersion = 10.0.40219.1
Project("{FAE04EC0-301F-11D3-BF4B-00C04F79EFBC}") = "Stock Data Analyzer", "Stock Data Analyzer\Stock Data Analyzer.csproj", "{0C6EE116-D599-4DB0-BF37-0408FC69B80C}"
EndProject
Global
	GlobalSection(SolutionConfigurationPlatforms) = preSolution
		Debug|Any CPU = Debug|Any CPU
		Release|Any CPU = Release|Any CPU
	EndGlobalSection
	GlobalSection(ProjectConfigurationPlatforms) = postSolution
		{0C6EE116-D599-4DB0-BF37-0408FC69B80C}.Debug|Any CPU.ActiveCfg = Debug|Any CPU
		{0C6EE116-D599-4DB0-BF37-0408FC69B80C}.Debug|Any CPU.Build.0 = Debug|Any CPU
		{0C6EE116-D599-4DB0-BF37-0408FC69B80C}.Release|Any CPU.ActiveCfg = Release|Any CPU
		{0C6EE116-D599-4DB0-BF37-0408FC69B80C}.Release|Any CPU.Build.0 = Release|Any CPU
	EndGlobalSection
	GlobalSection(SolutionProperties) = preSolution
		HideSolutionNode = FALSE
	EndGlobalSection
	GlobalSection(ExtensibilityGlobals) = postSolution
		SolutionGuid = {1142D003-7609-4DA0-86C9-23CEAEF755D1}
	EndGlobalSection
EndGlobal
